#
# This file is autogenerated by pip-compile with Python 3.9
# by the following command:
#
#    pip-compile --output-file=requirements.lock pyproject.toml
#
annotated-doc==0.0.4
    # via typer
annotated-types==0.7.0
    # via pydantic
certifi==2026.2.25
    # via requests
cffi==2.0.0
    # via cryptography
charset-normalizer==3.4.7
    # via requests
click==8.1.8
    # via typer
cryptography==44.0.3
    # via kalshi-cli (pyproject.toml)
idna==3.11
    # via requests
markdown-it-py==3.0.0
    # via rich
mdurl==0.1.2
    # via markdown-it-py
pycparser==2.23
    # via cffi
pydantic==2.13.0
    # via kalshi-cli (pyproject.toml)
pydantic-core==2.46.0
    # via pydantic
pygments==2.20.0
    # via rich
pypdf==5.9.0
    # via kalshi-cli (pyproject.toml)
python-dotenv==1.2.1
    # via kalshi-cli (pyproject.toml)
pyyaml==6.0.3
    # via kalshi-cli (pyproject.toml)
requests==2.32.5
    # via kalshi-cli (pyproject.toml)
rich==13.9.4
    # via
    #   kalshi-cli (pyproject.toml)
    #   typer
shellingham==1.5.4
    # via typer
typer[all]==0.23.2
    # via kalshi-cli (pyproject.toml)
typing-extensions==4.15.0
    # via
    #   pydantic
    #   pydantic-core
    #   pypdf
    #   rich
    #   typing-inspection
typing-inspection==0.4.2
    # via pydantic
urllib3==2.6.3
    # via requests
